
Microsoft Visual Studio Solution File, Format Version 12.00
# Visual Studio 2012
Project("{2150E333-8FDC-42A3-9474-1A3956D46DE8}") = "Solution Items", "Solution Items", "{0ECF2C3A-B9C2-46CC-BDED-B881B6948FC0}"
	ProjectSection(SolutionItems) = preProject
		Jimbe.vsmdi = Jimbe.vsmdi
		Local.testsettings = Local.testsettings
		TraceAndTestImpact.testsettings = TraceAndTestImpact.testsettings
	EndProjectSection
EndProject
Project("{FAE04EC0-301F-11D3-BF4B-00C04F79EFBC}") = "JimbeService", "JimbeService\JimbeService.csproj", "{3AB49BE8-F9E9-418B-A05F-7280D82BBF74}"
EndProject
Project("{8BC9CEB8-8B4A-11D0-8D11-00A0C91BC942}") = "JimbeWiFi", "JimbeWiFi\JimbeWiFi.vcxproj", "{5D4A229B-51B2-489C-8C26-5983B04C2C0E}"
EndProject
Project("{FAE04EC0-301F-11D3-BF4B-00C04F79EFBC}") = "WiFiApiTest", "WiFiApiTest\WiFiApiTest.csproj", "{4A56926B-8668-4DF8-A136-B526A69F685D}"
EndProject
Project("{FAE04EC0-301F-11D3-BF4B-00C04F79EFBC}") = "JimbeCore", "JimbeCore\JimbeCore.csproj", "{72AE758A-BBC2-4BF4-A0C2-A5AA07810CE0}"
EndProject
Project("{FAE04EC0-301F-11D3-BF4B-00C04F79EFBC}") = "JimbeTest", "JimbeTest\JimbeTest.csproj", "{818BCD32-7145-495D-9AC2-6E12128581C0}"
EndProject
Project("{FAE04EC0-301F-11D3-BF4B-00C04F79EFBC}") = "JimbeApp", "JimbeApp\JimbeApp\JimbeApp.csproj", "{693E6900-27CC-4D92-82C7-F3B7207ECEB3}"
EndProject
Project("{FAE04EC0-301F-11D3-BF4B-00C04F79EFBC}") = "JimbeServiceTestLikeApplication", "JimbeServiceTestLikeApplication\JimbeServiceTestLikeApplication.csproj", "{F4C2B13F-71B9-4A16-8221-DBE3E0CE174C}"
EndProject
Project("{FAE04EC0-301F-11D3-BF4B-00C04F79EFBC}") = "TestService", "TestService\TestService.csproj", "{F47E8172-5B62-4583-8EC5-F90345EE2F39}"
EndProject
Project("{FAE04EC0-301F-11D3-BF4B-00C04F79EFBC}") = "JimbeWCF", "JimbeWCF\JimbeWCF.csproj", "{15B3E0D2-6217-493A-A690-158C497F5318}"
EndProject
Project("{FAE04EC0-301F-11D3-BF4B-00C04F79EFBC}") = "JimbeTrayiconApp", "JimbeTrayiconApp\JimbeTrayiconApp.csproj", "{E0484A6F-E42C-4AA4-8192-A7AD6DAA3062}"
EndProject
Global
	GlobalSection(TestCaseManagementSettings) = postSolution
		CategoryFile = Jimbe.vsmdi
	EndGlobalSection
	GlobalSection(SolutionConfigurationPlatforms) = preSolution
		Debug|Any CPU = Debug|Any CPU
		Debug|Mixed Platforms = Debug|Mixed Platforms
		Debug|Win32 = Debug|Win32
		Debug|x86 = Debug|x86
		Release|Any CPU = Release|Any CPU
		Release|Mixed Platforms = Release|Mixed Platforms
		Release|Win32 = Release|Win32
		Release|x86 = Release|x86
	EndGlobalSection
	GlobalSection(ProjectConfigurationPlatforms) = postSolution
		{3AB49BE8-F9E9-418B-A05F-7280D82BBF74}.Debug|Any CPU.ActiveCfg = Debug|x86
		{3AB49BE8-F9E9-418B-A05F-7280D82BBF74}.Debug|Mixed Platforms.ActiveCfg = Debug|x86
		{3AB49BE8-F9E9-418B-A05F-7280D82BBF74}.Debug|Mixed Platforms.Build.0 = Debug|x86
		{3AB49BE8-F9E9-418B-A05F-7280D82BBF74}.Debug|Win32.ActiveCfg = Debug|x86
		{3AB49BE8-F9E9-418B-A05F-7280D82BBF74}.Debug|x86.ActiveCfg = Debug|x86
		{3AB49BE8-F9E9-418B-A05F-7280D82BBF74}.Debug|x86.Build.0 = Debug|x86
		{3AB49BE8-F9E9-418B-A05F-7280D82BBF74}.Release|Any CPU.ActiveCfg = Release|x86
		{3AB49BE8-F9E9-418B-A05F-7280D82BBF74}.Release|Mixed Platforms.ActiveCfg = Release|x86
		{3AB49BE8-F9E9-418B-A05F-7280D82BBF74}.Release|Mixed Platforms.Build.0 = Release|x86
		{3AB49BE8-F9E9-418B-A05F-7280D82BBF74}.Release|Win32.ActiveCfg = Release|x86
		{3AB49BE8-F9E9-418B-A05F-7280D82BBF74}.Release|x86.ActiveCfg = Release|x86
		{3AB49BE8-F9E9-418B-A05F-7280D82BBF74}.Release|x86.Build.0 = Release|x86
		{5D4A229B-51B2-489C-8C26-5983B04C2C0E}.Debug|Any CPU.ActiveCfg = Debug|Win32
		{5D4A229B-51B2-489C-8C26-5983B04C2C0E}.Debug|Mixed Platforms.ActiveCfg = Debug|Win32
		{5D4A229B-51B2-489C-8C26-5983B04C2C0E}.Debug|Mixed Platforms.Build.0 = Debug|Win32
		{5D4A229B-51B2-489C-8C26-5983B04C2C0E}.Debug|Win32.ActiveCfg = Debug|Win32
		{5D4A229B-51B2-489C-8C26-5983B04C2C0E}.Debug|Win32.Build.0 = Debug|Win32
		{5D4A229B-51B2-489C-8C26-5983B04C2C0E}.Debug|x86.ActiveCfg = Debug|Win32
		{5D4A229B-51B2-489C-8C26-5983B04C2C0E}.Release|Any CPU.ActiveCfg = Release|Win32
		{5D4A229B-51B2-489C-8C26-5983B04C2C0E}.Release|Mixed Platforms.ActiveCfg = Release|Win32
		{5D4A229B-51B2-489C-8C26-5983B04C2C0E}.Release|Mixed Platforms.Build.0 = Release|Win32
		{5D4A229B-51B2-489C-8C26-5983B04C2C0E}.Release|Win32.ActiveCfg = Release|Win32
		{5D4A229B-51B2-489C-8C26-5983B04C2C0E}.Release|Win32.Build.0 = Release|Win32
		{5D4A229B-51B2-489C-8C26-5983B04C2C0E}.Release|x86.ActiveCfg = Release|Win32
		{4A56926B-8668-4DF8-A136-B526A69F685D}.Debug|Any CPU.ActiveCfg = Debug|x86
		{4A56926B-8668-4DF8-A136-B526A69F685D}.Debug|Mixed Platforms.ActiveCfg = Debug|x86
		{4A56926B-8668-4DF8-A136-B526A69F685D}.Debug|Mixed Platforms.Build.0 = Debug|x86
		{4A56926B-8668-4DF8-A136-B526A69F685D}.Debug|Win32.ActiveCfg = Debug|x86
		{4A56926B-8668-4DF8-A136-B526A69F685D}.Debug|x86.ActiveCfg = Debug|x86
		{4A56926B-8668-4DF8-A136-B526A69F685D}.Debug|x86.Build.0 = Debug|x86
		{4A56926B-8668-4DF8-A136-B526A69F685D}.Release|Any CPU.ActiveCfg = Release|x86
		{4A56926B-8668-4DF8-A136-B526A69F685D}.Release|Mixed Platforms.ActiveCfg = Release|x86
		{4A56926B-8668-4DF8-A136-B526A69F685D}.Release|Mixed Platforms.Build.0 = Release|x86
		{4A56926B-8668-4DF8-A136-B526A69F685D}.Release|Win32.ActiveCfg = Release|x86
		{4A56926B-8668-4DF8-A136-B526A69F685D}.Release|x86.ActiveCfg = Release|x86
		{4A56926B-8668-4DF8-A136-B526A69F685D}.Release|x86.Build.0 = Release|x86
		{72AE758A-BBC2-4BF4-A0C2-A5AA07810CE0}.Debug|Any CPU.ActiveCfg = Debug|Any CPU
		{72AE758A-BBC2-4BF4-A0C2-A5AA07810CE0}.Debug|Any CPU.Build.0 = Debug|Any CPU
		{72AE758A-BBC2-4BF4-A0C2-A5AA07810CE0}.Debug|Mixed Platforms.ActiveCfg = Debug|Any CPU
		{72AE758A-BBC2-4BF4-A0C2-A5AA07810CE0}.Debug|Mixed Platforms.Build.0 = Debug|Any CPU
		{72AE758A-BBC2-4BF4-A0C2-A5AA07810CE0}.Debug|Win32.ActiveCfg = Debug|Any CPU
		{72AE758A-BBC2-4BF4-A0C2-A5AA07810CE0}.Debug|x86.ActiveCfg = Debug|Any CPU
		{72AE758A-BBC2-4BF4-A0C2-A5AA07810CE0}.Release|Any CPU.ActiveCfg = Release|Any CPU
		{72AE758A-BBC2-4BF4-A0C2-A5AA07810CE0}.Release|Any CPU.Build.0 = Release|Any CPU
		{72AE758A-BBC2-4BF4-A0C2-A5AA07810CE0}.Release|Mixed Platforms.ActiveCfg = Release|Any CPU
		{72AE758A-BBC2-4BF4-A0C2-A5AA07810CE0}.Release|Mixed Platforms.Build.0 = Release|Any CPU
		{72AE758A-BBC2-4BF4-A0C2-A5AA07810CE0}.Release|Win32.ActiveCfg = Release|Any CPU
		{72AE758A-BBC2-4BF4-A0C2-A5AA07810CE0}.Release|x86.ActiveCfg = Release|Any CPU
		{818BCD32-7145-495D-9AC2-6E12128581C0}.Debug|Any CPU.ActiveCfg = Debug|Any CPU
		{818BCD32-7145-495D-9AC2-6E12128581C0}.Debug|Any CPU.Build.0 = Debug|Any CPU
		{818BCD32-7145-495D-9AC2-6E12128581C0}.Debug|Mixed Platforms.ActiveCfg = Debug|Any CPU
		{818BCD32-7145-495D-9AC2-6E12128581C0}.Debug|Mixed Platforms.Build.0 = Debug|Any CPU
		{818BCD32-7145-495D-9AC2-6E12128581C0}.Debug|Win32.ActiveCfg = Debug|Any CPU
		{818BCD32-7145-495D-9AC2-6E12128581C0}.Debug|x86.ActiveCfg = Debug|Any CPU
		{818BCD32-7145-495D-9AC2-6E12128581C0}.Release|Any CPU.ActiveCfg = Release|Any CPU
		{818BCD32-7145-495D-9AC2-6E12128581C0}.Release|Any CPU.Build.0 = Release|Any CPU
		{818BCD32-7145-495D-9AC2-6E12128581C0}.Release|Mixed Platforms.ActiveCfg = Release|Any CPU
		{818BCD32-7145-495D-9AC2-6E12128581C0}.Release|Mixed Platforms.Build.0 = Release|Any CPU
		{818BCD32-7145-495D-9AC2-6E12128581C0}.Release|Win32.ActiveCfg = Release|Any CPU
		{818BCD32-7145-495D-9AC2-6E12128581C0}.Release|x86.ActiveCfg = Release|Any CPU
		{693E6900-27CC-4D92-82C7-F3B7207ECEB3}.Debug|Any CPU.ActiveCfg = Debug|x86
		{693E6900-27CC-4D92-82C7-F3B7207ECEB3}.Debug|Mixed Platforms.ActiveCfg = Debug|x86
		{693E6900-27CC-4D92-82C7-F3B7207ECEB3}.Debug|Mixed Platforms.Build.0 = Debug|x86
		{693E6900-27CC-4D92-82C7-F3B7207ECEB3}.Debug|Win32.ActiveCfg = Debug|x86
		{693E6900-27CC-4D92-82C7-F3B7207ECEB3}.Debug|x86.ActiveCfg = Debug|x86
		{693E6900-27CC-4D92-82C7-F3B7207ECEB3}.Debug|x86.Build.0 = Debug|x86
		{693E6900-27CC-4D92-82C7-F3B7207ECEB3}.Release|Any CPU.ActiveCfg = Release|x86
		{693E6900-27CC-4D92-82C7-F3B7207ECEB3}.Release|Mixed Platforms.ActiveCfg = Release|x86
		{693E6900-27CC-4D92-82C7-F3B7207ECEB3}.Release|Mixed Platforms.Build.0 = Release|x86
		{693E6900-27CC-4D92-82C7-F3B7207ECEB3}.Release|Win32.ActiveCfg = Release|x86
		{693E6900-27CC-4D92-82C7-F3B7207ECEB3}.Release|x86.ActiveCfg = Release|x86
		{693E6900-27CC-4D92-82C7-F3B7207ECEB3}.Release|x86.Build.0 = Release|x86
		{F4C2B13F-71B9-4A16-8221-DBE3E0CE174C}.Debug|Any CPU.ActiveCfg = Debug|x86
		{F4C2B13F-71B9-4A16-8221-DBE3E0CE174C}.Debug|Mixed Platforms.ActiveCfg = Debug|x86
		{F4C2B13F-71B9-4A16-8221-DBE3E0CE174C}.Debug|Mixed Platforms.Build.0 = Debug|x86
		{F4C2B13F-71B9-4A16-8221-DBE3E0CE174C}.Debug|Win32.ActiveCfg = Debug|x86
		{F4C2B13F-71B9-4A16-8221-DBE3E0CE174C}.Debug|x86.ActiveCfg = Debug|x86
		{F4C2B13F-71B9-4A16-8221-DBE3E0CE174C}.Debug|x86.Build.0 = Debug|x86
		{F4C2B13F-71B9-4A16-8221-DBE3E0CE174C}.Release|Any CPU.ActiveCfg = Release|x86
		{F4C2B13F-71B9-4A16-8221-DBE3E0CE174C}.Release|Mixed Platforms.ActiveCfg = Release|x86
		{F4C2B13F-71B9-4A16-8221-DBE3E0CE174C}.Release|Mixed Platforms.Build.0 = Release|x86
		{F4C2B13F-71B9-4A16-8221-DBE3E0CE174C}.Release|Win32.ActiveCfg = Release|x86
		{F4C2B13F-71B9-4A16-8221-DBE3E0CE174C}.Release|x86.ActiveCfg = Release|x86
		{F4C2B13F-71B9-4A16-8221-DBE3E0CE174C}.Release|x86.Build.0 = Release|x86
		{F47E8172-5B62-4583-8EC5-F90345EE2F39}.Debug|Any CPU.ActiveCfg = Debug|Any CPU
		{F47E8172-5B62-4583-8EC5-F90345EE2F39}.Debug|Any CPU.Build.0 = Debug|Any CPU
		{F47E8172-5B62-4583-8EC5-F90345EE2F39}.Debug|Mixed Platforms.ActiveCfg = Debug|Any CPU
		{F47E8172-5B62-4583-8EC5-F90345EE2F39}.Debug|Mixed Platforms.Build.0 = Debug|Any CPU
		{F47E8172-5B62-4583-8EC5-F90345EE2F39}.Debug|Win32.ActiveCfg = Debug|Any CPU
		{F47E8172-5B62-4583-8EC5-F90345EE2F39}.Debug|x86.ActiveCfg = Debug|Any CPU
		{F47E8172-5B62-4583-8EC5-F90345EE2F39}.Release|Any CPU.ActiveCfg = Release|Any CPU
		{F47E8172-5B62-4583-8EC5-F90345EE2F39}.Release|Any CPU.Build.0 = Release|Any CPU
		{F47E8172-5B62-4583-8EC5-F90345EE2F39}.Release|Mixed Platforms.ActiveCfg = Release|Any CPU
		{F47E8172-5B62-4583-8EC5-F90345EE2F39}.Release|Mixed Platforms.Build.0 = Release|Any CPU
		{F47E8172-5B62-4583-8EC5-F90345EE2F39}.Release|Win32.ActiveCfg = Release|Any CPU
		{F47E8172-5B62-4583-8EC5-F90345EE2F39}.Release|x86.ActiveCfg = Release|Any CPU
		{E0484A6F-E42C-4AA4-8192-A7AD6DAA3062}.Debug|Any CPU.ActiveCfg = Debug|Any CPU
		{E0484A6F-E42C-4AA4-8192-A7AD6DAA3062}.Debug|Any CPU.Build.0 = Debug|Any CPU
		{E0484A6F-E42C-4AA4-8192-A7AD6DAA3062}.Debug|Mixed Platforms.ActiveCfg = Debug|Any CPU
		{E0484A6F-E42C-4AA4-8192-A7AD6DAA3062}.Debug|Mixed Platforms.Build.0 = Debug|Any CPU
		{E0484A6F-E42C-4AA4-8192-A7AD6DAA3062}.Debug|Win32.ActiveCfg = Debug|Any CPU
		{E0484A6F-E42C-4AA4-8192-A7AD6DAA3062}.Debug|x86.ActiveCfg = Debug|Any CPU
		{E0484A6F-E42C-4AA4-8192-A7AD6DAA3062}.Release|Any CPU.ActiveCfg = Release|Any CPU
		{E0484A6F-E42C-4AA4-8192-A7AD6DAA3062}.Release|Any CPU.Build.0 = Release|Any CPU
		{E0484A6F-E42C-4AA4-8192-A7AD6DAA3062}.Release|Mixed Platforms.ActiveCfg = Release|Any CPU
		{E0484A6F-E42C-4AA4-8192-A7AD6DAA3062}.Release|Mixed Platforms.Build.0 = Release|Any CPU
		{E0484A6F-E42C-4AA4-8192-A7AD6DAA3062}.Release|Win32.ActiveCfg = Release|Any CPU
		{E0484A6F-E42C-4AA4-8192-A7AD6DAA3062}.Release|x86.ActiveCfg = Release|Any CPU
	EndGlobalSection
	GlobalSection(SolutionProperties) = preSolution
		HideSolutionNode = FALSE
	EndGlobalSection
EndGlobal
